
Microsoft Visual Studio Solution File, Format Version 12.00
# Visual Studio Version 17
VisualStudioVersion = 17.10.35201.131
MinimumVisualStudioVersion = 10.0.40219.1
Project("{2150E333-8FDC-42A3-9474-1A3956D46DE8}") = "Services", "Services", "{32C82655-CE17-4235-B8A3-6ACF28752E91}"
EndProject
Project("{2150E333-8FDC-42A3-9474-1A3956D46DE8}") = "Catalog", "Catalog", "{D1A13162-61A5-45EE-B88F-6E85C55DAE89}"
EndProject
Project("{9A19103F-16F7-4668-BE54-9A1E7A4F7556}") = "Catalog.API", "Services\Catalog\WebApplication1\Catalog.API.csproj", "{4F01194F-60E4-4CC0-9E40-942CFB22B27E}"
EndProject
Project("{2150E333-8FDC-42A3-9474-1A3956D46DE8}") = "BuildingBlocks", "BuildingBlocks", "{5B20606C-22CF-46AE-8974-5D2BCFEE4D23}"
EndProject
Project("{9A19103F-16F7-4668-BE54-9A1E7A4F7556}") = "BuildingBlocks", "BuildingBlocks\BuildingBlocks\BuildingBlocks.csproj", "{A816D17F-9C40-418B-98CB-AC1AE1F6CE4C}"
EndProject
Project("{E53339B2-1760-4266-BCC7-CA923CBCF16C}") = "docker-compose", "docker-compose.dcproj", "{0FF8F161-D854-45F2-8AE6-EF1F75615834}"
EndProject
Global
	GlobalSection(SolutionConfigurationPlatforms) = preSolution
		Debug|Any CPU = Debug|Any CPU
		Release|Any CPU = Release|Any CPU
	EndGlobalSection
	GlobalSection(ProjectConfigurationPlatforms) = postSolution
		{4F01194F-60E4-4CC0-9E40-942CFB22B27E}.Debug|Any CPU.ActiveCfg = Debug|Any CPU
		{4F01194F-60E4-4CC0-9E40-942CFB22B27E}.Debug|Any CPU.Build.0 = Debug|Any CPU
		{4F01194F-60E4-4CC0-9E40-942CFB22B27E}.Release|Any CPU.ActiveCfg = Release|Any CPU
		{4F01194F-60E4-4CC0-9E40-942CFB22B27E}.Release|Any CPU.Build.0 = Release|Any CPU
		{A816D17F-9C40-418B-98CB-AC1AE1F6CE4C}.Debug|Any CPU.ActiveCfg = Debug|Any CPU
		{A816D17F-9C40-418B-98CB-AC1AE1F6CE4C}.Debug|Any CPU.Build.0 = Debug|Any CPU
		{A816D17F-9C40-418B-98CB-AC1AE1F6CE4C}.Release|Any CPU.ActiveCfg = Release|Any CPU
		{A816D17F-9C40-418B-98CB-AC1AE1F6CE4C}.Release|Any CPU.Build.0 = Release|Any CPU
		{0FF8F161-D854-45F2-8AE6-EF1F75615834}.Debug|Any CPU.ActiveCfg = Debug|Any CPU
		{0FF8F161-D854-45F2-8AE6-EF1F75615834}.Debug|Any CPU.Build.0 = Debug|Any CPU
		{0FF8F161-D854-45F2-8AE6-EF1F75615834}.Release|Any CPU.ActiveCfg = Release|Any CPU
		{0FF8F161-D854-45F2-8AE6-EF1F75615834}.Release|Any CPU.Build.0 = Release|Any CPU
	EndGlobalSection
	GlobalSection(SolutionProperties) = preSolution
		HideSolutionNode = FALSE
	EndGlobalSection
	GlobalSection(NestedProjects) = preSolution
		{D1A13162-61A5-45EE-B88F-6E85C55DAE89} = {32C82655-CE17-4235-B8A3-6ACF28752E91}
		{4F01194F-60E4-4CC0-9E40-942CFB22B27E} = {D1A13162-61A5-45EE-B88F-6E85C55DAE89}
		{A816D17F-9C40-418B-98CB-AC1AE1F6CE4C} = {5B20606C-22CF-46AE-8974-5D2BCFEE4D23}
	EndGlobalSection
	GlobalSection(ExtensibilityGlobals) = postSolution
		SolutionGuid = {8345CACF-E7AF-4705-845B-C7DEF51AB1B1}
	EndGlobalSection
EndGlobal
