
Microsoft Visual Studio Solution File, Format Version 12.00
# Visual Studio Version 17
VisualStudioVersion = 17.10.35201.131
MinimumVisualStudioVersion = 10.0.40219.1
Project("{2150E333-8FDC-42A3-9474-1A3956D46DE8}") = "Services", "Services", "{7A7FB978-432B-4CF3-9237-22CA1B58EADA}"
EndProject
Project("{2150E333-8FDC-42A3-9474-1A3956D46DE8}") = "Catalog", "Catalog", "{6992AF05-9BF0-415C-A95D-E23C7CDB66AA}"
EndProject
Project("{9A19103F-16F7-4668-BE54-9A1E7A4F7556}") = "Catalog.API", "Services\Catalog\Catalog.API\Catalog.API.csproj", "{2D364A60-4116-4C9D-B2A0-8115D28BD098}"
EndProject
Project("{2150E333-8FDC-42A3-9474-1A3956D46DE8}") = "BuildingBlocks", "BuildingBlocks", "{548DD70A-AA91-4B33-BFC6-CABB21FB97EA}"
EndProject
Project("{9A19103F-16F7-4668-BE54-9A1E7A4F7556}") = "BuildingBlocks", "BuildingBlocks\BuildingBlocks\BuildingBlocks.csproj", "{A841A75F-49E0-406A-9068-42976584262C}"
EndProject
Project("{2150E333-8FDC-42A3-9474-1A3956D46DE8}") = "Tests", "Tests", "{C9B3D2BF-E041-4BA4-A53C-0085C25C86C3}"
EndProject
Project("{9A19103F-16F7-4668-BE54-9A1E7A4F7556}") = "Catalog.Tests", "..\Tests\Catalog.Tests\Catalog.Tests.csproj", "{E1E92F11-E20F-4043-A882-A7493C8B90D8}"
EndProject
Project("{E53339B2-1760-4266-BCC7-CA923CBCF16C}") = "docker-compose", "docker-compose.dcproj", "{891E9541-8AA0-4D83-B115-11338EA0E7D8}"
EndProject
Project("{2150E333-8FDC-42A3-9474-1A3956D46DE8}") = "Basket", "Basket", "{96441FD8-3D51-4DB3-82A3-BC802A26C0F5}"
EndProject
Project("{9A19103F-16F7-4668-BE54-9A1E7A4F7556}") = "Basket.API", "Services\Basket\Basket.API\Basket.API.csproj", "{3C9C30C4-E9DB-41AA-9E00-274AD354C3A8}"
EndProject
Project("{9A19103F-16F7-4668-BE54-9A1E7A4F7556}") = "Basket.Tests", "..\Tests\Basket.Tests\Basket.Tests\Basket.Tests.csproj", "{73CCB81F-1229-4B73-80CD-7B44E31D1BC3}"
EndProject
Project("{2150E333-8FDC-42A3-9474-1A3956D46DE8}") = "Discount", "Discount", "{0721732F-B1D4-4077-918E-63DD46D787EF}"
EndProject
Project("{9A19103F-16F7-4668-BE54-9A1E7A4F7556}") = "Discount.Grpc", "Services\Discount\Discount.Grpc\Discount.Grpc.csproj", "{2EFFB19B-D556-4EB0-AD6B-6D35970390CA}"
EndProject
Project("{2150E333-8FDC-42A3-9474-1A3956D46DE8}") = "Ordering", "Ordering", "{1FB3CEDB-87CF-48DF-A7D4-7FFBE8D516CE}"
EndProject
Project("{9A19103F-16F7-4668-BE54-9A1E7A4F7556}") = "Ordering.API", "Services\Ordering\Ordering.API\Ordering.API.csproj", "{ACDFA972-9287-4716-ADB1-FDF35ABD76FA}"
EndProject
Project("{9A19103F-16F7-4668-BE54-9A1E7A4F7556}") = "Ordering.Domain", "Services\Ordering\Ordering.Domain\Ordering.Domain.csproj", "{BF07EB97-8AFD-46FE-904F-F19054133AD1}"
EndProject
Project("{9A19103F-16F7-4668-BE54-9A1E7A4F7556}") = "Ordering.Application", "Services\Ordering\Ordering.Application\Ordering.Application.csproj", "{61544FC0-EE49-4B72-B073-9F40AB981ACA}"
EndProject
Project("{9A19103F-16F7-4668-BE54-9A1E7A4F7556}") = "Ordering.Infrastructure", "Services\Ordering\Ordering.Infrastructure\Ordering.Infrastructure.csproj", "{7F248EE0-7643-4DFF-9240-E5E172BA4B90}"
EndProject
Project("{FAE04EC0-301F-11D3-BF4B-00C04F79EFBC}") = "BuildingBlocks.Messaging", "BuildingBlocks\BuildingBlocks.Messaging\BuildingBlocks.Messaging.csproj", "{4D62B001-5DA6-4971-91FA-98E946BD3C01}"
EndProject
Project("{2150E333-8FDC-42A3-9474-1A3956D46DE8}") = "ApiGateways", "ApiGateways", "{02EA681E-C7D8-13C7-8484-4AC65E1B71E8}"
EndProject
Project("{FAE04EC0-301F-11D3-BF4B-00C04F79EFBC}") = "YarpApiGateway", "ApiGateways\YarpApiGateway\YarpApiGateway.csproj", "{460F2361-7BDA-4A6B-8463-BBD626B45A56}"
EndProject
Project("{2150E333-8FDC-42A3-9474-1A3956D46DE8}") = "WebApps", "WebApps", "{3B26AC83-458C-4FDE-BBA5-5A54A2F43C94}"
EndProject
Project("{FAE04EC0-301F-11D3-BF4B-00C04F79EFBC}") = "Shopping.Web", "WebApps\Shopping.Web\Shopping.Web.csproj", "{C6A62664-B583-495D-86F1-B625855E10F6}"
EndProject
Global
	GlobalSection(SolutionConfigurationPlatforms) = preSolution
		Debug|Any CPU = Debug|Any CPU
		Release|Any CPU = Release|Any CPU
	EndGlobalSection
	GlobalSection(ProjectConfigurationPlatforms) = postSolution
		{2D364A60-4116-4C9D-B2A0-8115D28BD098}.Debug|Any CPU.ActiveCfg = Debug|Any CPU
		{2D364A60-4116-4C9D-B2A0-8115D28BD098}.Debug|Any CPU.Build.0 = Debug|Any CPU
		{2D364A60-4116-4C9D-B2A0-8115D28BD098}.Release|Any CPU.ActiveCfg = Release|Any CPU
		{2D364A60-4116-4C9D-B2A0-8115D28BD098}.Release|Any CPU.Build.0 = Release|Any CPU
		{A841A75F-49E0-406A-9068-42976584262C}.Debug|Any CPU.ActiveCfg = Debug|Any CPU
		{A841A75F-49E0-406A-9068-42976584262C}.Debug|Any CPU.Build.0 = Debug|Any CPU
		{A841A75F-49E0-406A-9068-42976584262C}.Release|Any CPU.ActiveCfg = Release|Any CPU
		{A841A75F-49E0-406A-9068-42976584262C}.Release|Any CPU.Build.0 = Release|Any CPU
		{E1E92F11-E20F-4043-A882-A7493C8B90D8}.Debug|Any CPU.ActiveCfg = Debug|Any CPU
		{E1E92F11-E20F-4043-A882-A7493C8B90D8}.Debug|Any CPU.Build.0 = Debug|Any CPU
		{E1E92F11-E20F-4043-A882-A7493C8B90D8}.Release|Any CPU.ActiveCfg = Release|Any CPU
		{E1E92F11-E20F-4043-A882-A7493C8B90D8}.Release|Any CPU.Build.0 = Release|Any CPU
		{891E9541-8AA0-4D83-B115-11338EA0E7D8}.Debug|Any CPU.ActiveCfg = Debug|Any CPU
		{891E9541-8AA0-4D83-B115-11338EA0E7D8}.Debug|Any CPU.Build.0 = Debug|Any CPU
		{891E9541-8AA0-4D83-B115-11338EA0E7D8}.Release|Any CPU.ActiveCfg = Release|Any CPU
		{891E9541-8AA0-4D83-B115-11338EA0E7D8}.Release|Any CPU.Build.0 = Release|Any CPU
		{3C9C30C4-E9DB-41AA-9E00-274AD354C3A8}.Debug|Any CPU.ActiveCfg = Debug|Any CPU
		{3C9C30C4-E9DB-41AA-9E00-274AD354C3A8}.Debug|Any CPU.Build.0 = Debug|Any CPU
		{3C9C30C4-E9DB-41AA-9E00-274AD354C3A8}.Release|Any CPU.ActiveCfg = Release|Any CPU
		{3C9C30C4-E9DB-41AA-9E00-274AD354C3A8}.Release|Any CPU.Build.0 = Release|Any CPU
		{73CCB81F-1229-4B73-80CD-7B44E31D1BC3}.Debug|Any CPU.ActiveCfg = Debug|Any CPU
		{73CCB81F-1229-4B73-80CD-7B44E31D1BC3}.Debug|Any CPU.Build.0 = Debug|Any CPU
		{73CCB81F-1229-4B73-80CD-7B44E31D1BC3}.Release|Any CPU.ActiveCfg = Release|Any CPU
		{73CCB81F-1229-4B73-80CD-7B44E31D1BC3}.Release|Any CPU.Build.0 = Release|Any CPU
		{2EFFB19B-D556-4EB0-AD6B-6D35970390CA}.Debug|Any CPU.ActiveCfg = Debug|Any CPU
		{2EFFB19B-D556-4EB0-AD6B-6D35970390CA}.Debug|Any CPU.Build.0 = Debug|Any CPU
		{2EFFB19B-D556-4EB0-AD6B-6D35970390CA}.Release|Any CPU.ActiveCfg = Release|Any CPU
		{2EFFB19B-D556-4EB0-AD6B-6D35970390CA}.Release|Any CPU.Build.0 = Release|Any CPU
		{ACDFA972-9287-4716-ADB1-FDF35ABD76FA}.Debug|Any CPU.ActiveCfg = Debug|Any CPU
		{ACDFA972-9287-4716-ADB1-FDF35ABD76FA}.Debug|Any CPU.Build.0 = Debug|Any CPU
		{ACDFA972-9287-4716-ADB1-FDF35ABD76FA}.Release|Any CPU.ActiveCfg = Release|Any CPU
		{ACDFA972-9287-4716-ADB1-FDF35ABD76FA}.Release|Any CPU.Build.0 = Release|Any CPU
		{BF07EB97-8AFD-46FE-904F-F19054133AD1}.Debug|Any CPU.ActiveCfg = Debug|Any CPU
		{BF07EB97-8AFD-46FE-904F-F19054133AD1}.Debug|Any CPU.Build.0 = Debug|Any CPU
		{BF07EB97-8AFD-46FE-904F-F19054133AD1}.Release|Any CPU.ActiveCfg = Release|Any CPU
		{BF07EB97-8AFD-46FE-904F-F19054133AD1}.Release|Any CPU.Build.0 = Release|Any CPU
		{61544FC0-EE49-4B72-B073-9F40AB981ACA}.Debug|Any CPU.ActiveCfg = Debug|Any CPU
		{61544FC0-EE49-4B72-B073-9F40AB981ACA}.Debug|Any CPU.Build.0 = Debug|Any CPU
		{61544FC0-EE49-4B72-B073-9F40AB981ACA}.Release|Any CPU.ActiveCfg = Release|Any CPU
		{61544FC0-EE49-4B72-B073-9F40AB981ACA}.Release|Any CPU.Build.0 = Release|Any CPU
		{7F248EE0-7643-4DFF-9240-E5E172BA4B90}.Debug|Any CPU.ActiveCfg = Debug|Any CPU
		{7F248EE0-7643-4DFF-9240-E5E172BA4B90}.Debug|Any CPU.Build.0 = Debug|Any CPU
		{7F248EE0-7643-4DFF-9240-E5E172BA4B90}.Release|Any CPU.ActiveCfg = Release|Any CPU
		{7F248EE0-7643-4DFF-9240-E5E172BA4B90}.Release|Any CPU.Build.0 = Release|Any CPU
		{4D62B001-5DA6-4971-91FA-98E946BD3C01}.Debug|Any CPU.ActiveCfg = Debug|Any CPU
		{4D62B001-5DA6-4971-91FA-98E946BD3C01}.Debug|Any CPU.Build.0 = Debug|Any CPU
		{4D62B001-5DA6-4971-91FA-98E946BD3C01}.Release|Any CPU.ActiveCfg = Release|Any CPU
		{4D62B001-5DA6-4971-91FA-98E946BD3C01}.Release|Any CPU.Build.0 = Release|Any CPU
		{460F2361-7BDA-4A6B-8463-BBD626B45A56}.Debug|Any CPU.ActiveCfg = Debug|Any CPU
		{460F2361-7BDA-4A6B-8463-BBD626B45A56}.Debug|Any CPU.Build.0 = Debug|Any CPU
		{460F2361-7BDA-4A6B-8463-BBD626B45A56}.Release|Any CPU.ActiveCfg = Release|Any CPU
		{460F2361-7BDA-4A6B-8463-BBD626B45A56}.Release|Any CPU.Build.0 = Release|Any CPU
		{C6A62664-B583-495D-86F1-B625855E10F6}.Debug|Any CPU.ActiveCfg = Debug|Any CPU
		{C6A62664-B583-495D-86F1-B625855E10F6}.Debug|Any CPU.Build.0 = Debug|Any CPU
		{C6A62664-B583-495D-86F1-B625855E10F6}.Release|Any CPU.ActiveCfg = Release|Any CPU
		{C6A62664-B583-495D-86F1-B625855E10F6}.Release|Any CPU.Build.0 = Release|Any CPU
	EndGlobalSection
	GlobalSection(SolutionProperties) = preSolution
		HideSolutionNode = FALSE
	EndGlobalSection
	GlobalSection(NestedProjects) = preSolution
		{6992AF05-9BF0-415C-A95D-E23C7CDB66AA} = {7A7FB978-432B-4CF3-9237-22CA1B58EADA}
		{2D364A60-4116-4C9D-B2A0-8115D28BD098} = {6992AF05-9BF0-415C-A95D-E23C7CDB66AA}
		{A841A75F-49E0-406A-9068-42976584262C} = {548DD70A-AA91-4B33-BFC6-CABB21FB97EA}
		{E1E92F11-E20F-4043-A882-A7493C8B90D8} = {C9B3D2BF-E041-4BA4-A53C-0085C25C86C3}
		{96441FD8-3D51-4DB3-82A3-BC802A26C0F5} = {7A7FB978-432B-4CF3-9237-22CA1B58EADA}
		{3C9C30C4-E9DB-41AA-9E00-274AD354C3A8} = {96441FD8-3D51-4DB3-82A3-BC802A26C0F5}
		{73CCB81F-1229-4B73-80CD-7B44E31D1BC3} = {C9B3D2BF-E041-4BA4-A53C-0085C25C86C3}
		{0721732F-B1D4-4077-918E-63DD46D787EF} = {7A7FB978-432B-4CF3-9237-22CA1B58EADA}
		{2EFFB19B-D556-4EB0-AD6B-6D35970390CA} = {0721732F-B1D4-4077-918E-63DD46D787EF}
		{1FB3CEDB-87CF-48DF-A7D4-7FFBE8D516CE} = {7A7FB978-432B-4CF3-9237-22CA1B58EADA}
		{ACDFA972-9287-4716-ADB1-FDF35ABD76FA} = {1FB3CEDB-87CF-48DF-A7D4-7FFBE8D516CE}
		{BF07EB97-8AFD-46FE-904F-F19054133AD1} = {1FB3CEDB-87CF-48DF-A7D4-7FFBE8D516CE}
		{61544FC0-EE49-4B72-B073-9F40AB981ACA} = {1FB3CEDB-87CF-48DF-A7D4-7FFBE8D516CE}
		{7F248EE0-7643-4DFF-9240-E5E172BA4B90} = {1FB3CEDB-87CF-48DF-A7D4-7FFBE8D516CE}
		{4D62B001-5DA6-4971-91FA-98E946BD3C01} = {548DD70A-AA91-4B33-BFC6-CABB21FB97EA}
		{460F2361-7BDA-4A6B-8463-BBD626B45A56} = {02EA681E-C7D8-13C7-8484-4AC65E1B71E8}
		{C6A62664-B583-495D-86F1-B625855E10F6} = {3B26AC83-458C-4FDE-BBA5-5A54A2F43C94}
	EndGlobalSection
	GlobalSection(ExtensibilityGlobals) = postSolution
		SolutionGuid = {0E4E10B2-6D7C-4D6F-8F6A-BB6F3AB0FB3F}
	EndGlobalSection
EndGlobal
